dependencies:
- name: kube-prometheus-stack
  repository: https://prometheus-community.github.io/helm-charts
  version: 88.0.1
- name: rustfs
  repository: https://charts.rustfs.com/
  version: 0.12.0
digest: sha256:53a9bdfaa705d69117b12e4f3cf34d3a467133f258a95943907a3a6c46c08a51
generated: "2026-07-31T17:33:42.056511135Z"
