dependencies:
- name: kube-prometheus-stack
  repository: https://prometheus-community.github.io/helm-charts
  version: 83.0.2
- name: rustfs
  repository: https://charts.rustfs.com/
  version: 0.0.92
digest: sha256:7b8e1de040bce1fb6e576c84cd859fad20068535e6d02df7071ca7235d07d3a4
generated: "2026-04-10T13:18:23.786888586Z"
